
Microsoft Visual Studio Solution File, Format Version 12.00
# Visual Studio Version 17
VisualStudioVersion = 17.8.34330.188
MinimumVisualStudioVersion = 10.0.40219.1
Project("{8BC9CEB8-8B4A-11D0-8D11-00A0C91BC942}") = "O enigima de Einstein", "O enigima de Einstein\O enigima de Einstein.vcxproj", "{1AE63701-2CAF-450D-B888-A762B47E5237}"
EndProject
Global
	GlobalSection(SolutionConfigurationPlatforms) = preSolution
		Debug|x64 = Debug|x64
		Debug|x86 = Debug|x86
		Release|x64 = Release|x64
		Release|x86 = Release|x86
	EndGlobalSection
	GlobalSection(ProjectConfigurationPlatforms) = postSolution
		{1AE63701-2CAF-450D-B888-A762B47E5237}.Debug|x64.ActiveCfg = Debug|x64
		{1AE63701-2CAF-450D-B888-A762B47E5237}.Debug|x64.Build.0 = Debug|x64
		{1AE63701-2CAF-450D-B888-A762B47E5237}.Debug|x86.ActiveCfg = Debug|Win32
		{1AE63701-2CAF-450D-B888-A762B47E5237}.Debug|x86.Build.0 = Debug|Win32
		{1AE63701-2CAF-450D-B888-A762B47E5237}.Release|x64.ActiveCfg = Release|x64
		{1AE63701-2CAF-450D-B888-A762B47E5237}.Release|x64.Build.0 = Release|x64
		{1AE63701-2CAF-450D-B888-A762B47E5237}.Release|x86.ActiveCfg = Release|Win32
		{1AE63701-2CAF-450D-B888-A762B47E5237}.Release|x86.Build.0 = Release|Win32
	EndGlobalSection
	GlobalSection(SolutionProperties) = preSolution
		HideSolutionNode = FALSE
	EndGlobalSection
	GlobalSection(ExtensibilityGlobals) = postSolution
		SolutionGuid = {AA3FF11E-BDC1-46BC-BE03-7498A642BA21}
	EndGlobalSection
EndGlobal
